
Microsoft Visual Studio Solution File, Format Version 12.00
# Visual Studio Version 16
VisualStudioVersion = 16.0.30907.101
MinimumVisualStudioVersion = 10.0.40219.1
Project("{9A19103F-16F7-4668-BE54-9A1E7A4F7556}") = "Mijin.Library.App", "Mijin.Library.WinApp\Mijin.Library.App.csproj", "{9C631CC3-DD18-42B0-AC2B-8E81C1E8AA6C}"
EndProject
Project("{2150E333-8FDC-42A3-9474-1A3956D46DE8}") = "01_src", "01_src", "{E0CCCE28-0C48-4D2F-B506-574E659165B9}"
EndProject
Project("{9A19103F-16F7-4668-BE54-9A1E7A4F7556}") = "Mijin.Library.App.Driver", "Mijin.Library.App.Driver\Mijin.Library.App.Driver.csproj", "{CD996041-6991-42FF-8437-BEC29D5EF199}"
EndProject
Project("{9A19103F-16F7-4668-BE54-9A1E7A4F7556}") = "Mijin.Library.App.Common", "Mijin.Library.App.Common\Mijin.Library.App.Common.csproj", "{FA13B68E-C10F-41E1-ABB1-0D565DA9ED87}"
EndProject
Project("{2150E333-8FDC-42A3-9474-1A3956D46DE8}") = "02_upgrade", "02_upgrade", "{F60CC240-7D29-491A-8CAC-B4C21F129AB8}"
EndProject
Project("{2150E333-8FDC-42A3-9474-1A3956D46DE8}") = "03_tests", "03_tests", "{5C2EB2A2-39B9-4429-BABA-79D455A108A4}"
EndProject
Project("{9A19103F-16F7-4668-BE54-9A1E7A4F7556}") = "Mijin.Library.App.Upgrade", "Mijin.Library.App.Upgrade\Mijin.Library.App.Upgrade.csproj", "{ADF0E42A-5C14-4519-82DA-20074C629303}"
EndProject
Project("{9A19103F-16F7-4668-BE54-9A1E7A4F7556}") = "Mijin.Library.App.Tests", "Mijin.Library.App.Tests\Mijin.Library.App.Tests.csproj", "{92B2F9EE-CF7B-43DA-B588-BF83445B4549}"
EndProject
Project("{9A19103F-16F7-4668-BE54-9A1E7A4F7556}") = "ConsoleApp", "ConsoleApp\ConsoleApp.csproj", "{E9926A03-74F0-4D0B-BB38-16ED19E14D08}"
EndProject
Project("{9A19103F-16F7-4668-BE54-9A1E7A4F7556}") = "Mijin.Library.App.Model", "Mijin.Library.App.Model\Mijin.Library.App.Model.csproj", "{25CC1C4A-4F49-47A0-ADE0-192E33179821}"
EndProject
Global
	GlobalSection(SolutionConfigurationPlatforms) = preSolution
		Debug|Any CPU = Debug|Any CPU
		Debug|x64 = Debug|x64
		Release|Any CPU = Release|Any CPU
		Release|x64 = Release|x64
	EndGlobalSection
	GlobalSection(ProjectConfigurationPlatforms) = postSolution
		{9C631CC3-DD18-42B0-AC2B-8E81C1E8AA6C}.Debug|Any CPU.ActiveCfg = Debug|Any CPU
		{9C631CC3-DD18-42B0-AC2B-8E81C1E8AA6C}.Debug|Any CPU.Build.0 = Debug|Any CPU
		{9C631CC3-DD18-42B0-AC2B-8E81C1E8AA6C}.Debug|x64.ActiveCfg = Debug|x64
		{9C631CC3-DD18-42B0-AC2B-8E81C1E8AA6C}.Debug|x64.Build.0 = Debug|x64
		{9C631CC3-DD18-42B0-AC2B-8E81C1E8AA6C}.Release|Any CPU.ActiveCfg = Release|Any CPU
		{9C631CC3-DD18-42B0-AC2B-8E81C1E8AA6C}.Release|Any CPU.Build.0 = Release|Any CPU
		{9C631CC3-DD18-42B0-AC2B-8E81C1E8AA6C}.Release|x64.ActiveCfg = Release|x64
		{9C631CC3-DD18-42B0-AC2B-8E81C1E8AA6C}.Release|x64.Build.0 = Release|x64
		{CD996041-6991-42FF-8437-BEC29D5EF199}.Debug|Any CPU.ActiveCfg = Debug|Any CPU
		{CD996041-6991-42FF-8437-BEC29D5EF199}.Debug|Any CPU.Build.0 = Debug|Any CPU
		{CD996041-6991-42FF-8437-BEC29D5EF199}.Debug|x64.ActiveCfg = Debug|x64
		{CD996041-6991-42FF-8437-BEC29D5EF199}.Debug|x64.Build.0 = Debug|x64
		{CD996041-6991-42FF-8437-BEC29D5EF199}.Release|Any CPU.ActiveCfg = Release|Any CPU
		{CD996041-6991-42FF-8437-BEC29D5EF199}.Release|Any CPU.Build.0 = Release|Any CPU
		{CD996041-6991-42FF-8437-BEC29D5EF199}.Release|x64.ActiveCfg = Release|x64
		{CD996041-6991-42FF-8437-BEC29D5EF199}.Release|x64.Build.0 = Release|x64
		{FA13B68E-C10F-41E1-ABB1-0D565DA9ED87}.Debug|Any CPU.ActiveCfg = Debug|Any CPU
		{FA13B68E-C10F-41E1-ABB1-0D565DA9ED87}.Debug|Any CPU.Build.0 = Debug|Any CPU
		{FA13B68E-C10F-41E1-ABB1-0D565DA9ED87}.Debug|x64.ActiveCfg = Debug|x64
		{FA13B68E-C10F-41E1-ABB1-0D565DA9ED87}.Debug|x64.Build.0 = Debug|x64
		{FA13B68E-C10F-41E1-ABB1-0D565DA9ED87}.Release|Any CPU.ActiveCfg = Release|Any CPU
		{FA13B68E-C10F-41E1-ABB1-0D565DA9ED87}.Release|Any CPU.Build.0 = Release|Any CPU
		{FA13B68E-C10F-41E1-ABB1-0D565DA9ED87}.Release|x64.ActiveCfg = Release|x64
		{FA13B68E-C10F-41E1-ABB1-0D565DA9ED87}.Release|x64.Build.0 = Release|x64
		{ADF0E42A-5C14-4519-82DA-20074C629303}.Debug|Any CPU.ActiveCfg = Debug|Any CPU
		{ADF0E42A-5C14-4519-82DA-20074C629303}.Debug|Any CPU.Build.0 = Debug|Any CPU
		{ADF0E42A-5C14-4519-82DA-20074C629303}.Debug|x64.ActiveCfg = Debug|x64
		{ADF0E42A-5C14-4519-82DA-20074C629303}.Debug|x64.Build.0 = Debug|x64
		{ADF0E42A-5C14-4519-82DA-20074C629303}.Release|Any CPU.ActiveCfg = Release|Any CPU
		{ADF0E42A-5C14-4519-82DA-20074C629303}.Release|Any CPU.Build.0 = Release|Any CPU
		{ADF0E42A-5C14-4519-82DA-20074C629303}.Release|x64.ActiveCfg = Release|x64
		{ADF0E42A-5C14-4519-82DA-20074C629303}.Release|x64.Build.0 = Release|x64
		{92B2F9EE-CF7B-43DA-B588-BF83445B4549}.Debug|Any CPU.ActiveCfg = Debug|Any CPU
		{92B2F9EE-CF7B-43DA-B588-BF83445B4549}.Debug|Any CPU.Build.0 = Debug|Any CPU
		{92B2F9EE-CF7B-43DA-B588-BF83445B4549}.Debug|x64.ActiveCfg = Debug|x64
		{92B2F9EE-CF7B-43DA-B588-BF83445B4549}.Debug|x64.Build.0 = Debug|x64
		{92B2F9EE-CF7B-43DA-B588-BF83445B4549}.Release|Any CPU.ActiveCfg = Release|Any CPU
		{92B2F9EE-CF7B-43DA-B588-BF83445B4549}.Release|Any CPU.Build.0 = Release|Any CPU
		{92B2F9EE-CF7B-43DA-B588-BF83445B4549}.Release|x64.ActiveCfg = Release|x64
		{92B2F9EE-CF7B-43DA-B588-BF83445B4549}.Release|x64.Build.0 = Release|x64
		{E9926A03-74F0-4D0B-BB38-16ED19E14D08}.Debug|Any CPU.ActiveCfg = Debug|Any CPU
		{E9926A03-74F0-4D0B-BB38-16ED19E14D08}.Debug|Any CPU.Build.0 = Debug|Any CPU
		{E9926A03-74F0-4D0B-BB38-16ED19E14D08}.Debug|x64.ActiveCfg = Debug|x64
		{E9926A03-74F0-4D0B-BB38-16ED19E14D08}.Debug|x64.Build.0 = Debug|x64
		{E9926A03-74F0-4D0B-BB38-16ED19E14D08}.Release|Any CPU.ActiveCfg = Release|Any CPU
		{E9926A03-74F0-4D0B-BB38-16ED19E14D08}.Release|Any CPU.Build.0 = Release|Any CPU
		{E9926A03-74F0-4D0B-BB38-16ED19E14D08}.Release|x64.ActiveCfg = Release|x64
		{E9926A03-74F0-4D0B-BB38-16ED19E14D08}.Release|x64.Build.0 = Release|x64
		{25CC1C4A-4F49-47A0-ADE0-192E33179821}.Debug|Any CPU.ActiveCfg = Debug|Any CPU
		{25CC1C4A-4F49-47A0-ADE0-192E33179821}.Debug|Any CPU.Build.0 = Debug|Any CPU
		{25CC1C4A-4F49-47A0-ADE0-192E33179821}.Debug|x64.ActiveCfg = Debug|x64
		{25CC1C4A-4F49-47A0-ADE0-192E33179821}.Debug|x64.Build.0 = Debug|x64
		{25CC1C4A-4F49-47A0-ADE0-192E33179821}.Release|Any CPU.ActiveCfg = Release|Any CPU
		{25CC1C4A-4F49-47A0-ADE0-192E33179821}.Release|Any CPU.Build.0 = Release|Any CPU
		{25CC1C4A-4F49-47A0-ADE0-192E33179821}.Release|x64.ActiveCfg = Release|x64
		{25CC1C4A-4F49-47A0-ADE0-192E33179821}.Release|x64.Build.0 = Release|x64
	EndGlobalSection
	GlobalSection(SolutionProperties) = preSolution
		HideSolutionNode = FALSE
	EndGlobalSection
	GlobalSection(NestedProjects) = preSolution
		{9C631CC3-DD18-42B0-AC2B-8E81C1E8AA6C} = {E0CCCE28-0C48-4D2F-B506-574E659165B9}
		{CD996041-6991-42FF-8437-BEC29D5EF199} = {E0CCCE28-0C48-4D2F-B506-574E659165B9}
		{FA13B68E-C10F-41E1-ABB1-0D565DA9ED87} = {E0CCCE28-0C48-4D2F-B506-574E659165B9}
		{ADF0E42A-5C14-4519-82DA-20074C629303} = {F60CC240-7D29-491A-8CAC-B4C21F129AB8}
		{92B2F9EE-CF7B-43DA-B588-BF83445B4549} = {5C2EB2A2-39B9-4429-BABA-79D455A108A4}
		{25CC1C4A-4F49-47A0-ADE0-192E33179821} = {E0CCCE28-0C48-4D2F-B506-574E659165B9}
	EndGlobalSection
	GlobalSection(ExtensibilityGlobals) = postSolution
		SolutionGuid = {5D94C33A-68BA-43F0-9E5E-8EE765E5FA70}
	EndGlobalSection
EndGlobal
